
Microsoft Visual Studio Solution File, Format Version 12.00
# Visual Studio Version 17
VisualStudioVersion = 17.9.34607.119
MinimumVisualStudioVersion = 10.0.40219.1
Project("{FAE04EC0-301F-11D3-BF4B-00C04F79EFBC}") = "calcuC", "calcuC\calcuC.csproj", "{7B2EF9DB-516A-46B4-B016-458480F5EA73}"
EndProject
Global
	GlobalSection(SolutionConfigurationPlatforms) = preSolution
		Debug|Any CPU = Debug|Any CPU
		Release|Any CPU = Release|Any CPU
	EndGlobalSection
	GlobalSection(ProjectConfigurationPlatforms) = postSolution
		{7B2EF9DB-516A-46B4-B016-458480F5EA73}.Debug|Any CPU.ActiveCfg = Debug|Any CPU
		{7B2EF9DB-516A-46B4-B016-458480F5EA73}.Debug|Any CPU.Build.0 = Debug|Any CPU
		{7B2EF9DB-516A-46B4-B016-458480F5EA73}.Release|Any CPU.ActiveCfg = Release|Any CPU
		{7B2EF9DB-516A-46B4-B016-458480F5EA73}.Release|Any CPU.Build.0 = Release|Any CPU
	EndGlobalSection
	GlobalSection(SolutionProperties) = preSolution
		HideSolutionNode = FALSE
	EndGlobalSection
	GlobalSection(ExtensibilityGlobals) = postSolution
		SolutionGuid = {7EAE7946-E2EC-42BC-A5BF-9AEF10102544}
	EndGlobalSection
EndGlobal
